// !$*UTF8*$!
{
	archiveVersion = 1;
	classes = {
	};
	objectVersion = 46;
	objects = {

/* Begin PBXBuildFile section */
		8317C5991A338DC300257AC8 /* MapKit.framework in Frameworks */ = {isa = PBXBuildFile; fileRef = 8317C5981A338DC300257AC8 /* MapKit.framework */; };
		8317C59D1A34737D00257AC8 /* CoreData.framework in Frameworks */ = {isa = PBXBuildFile; fileRef = 8317C59C1A34737D00257AC8 /* CoreData.framework */; };
		8317C59F1A348D8D00257AC8 /* MapAnnotation.swift in Sources */ = {isa = PBXBuildFile; fileRef = 8317C59E1A348D8D00257AC8 /* MapAnnotation.swift */; };
		833733091A332F0800D0AC72 /* CoreLocation.framework in Frameworks */ = {isa = PBXBuildFile; fileRef = 833733081A332F0800D0AC72 /* CoreLocation.framework */; };
		8337330B1A332F1400D0AC72 /* CoreImage.framework in Frameworks */ = {isa = PBXBuildFile; fileRef = 8337330A1A332F1400D0AC72 /* CoreImage.framework */; };
		8337330D1A333BD400D0AC72 /* CoreGraphics.framework in Frameworks */ = {isa = PBXBuildFile; fileRef = 8337330C1A333BD400D0AC72 /* CoreGraphics.framework */; };
		834222D51A32FB0500FC2998 /* AppDelegate.swift in Sources */ = {isa = PBXBuildFile; fileRef = 834222D41A32FB0500FC2998 /* AppDelegate.swift */; };
		834222D71A32FB0500FC2998 /* ViewController.swift in Sources */ = {isa = PBXBuildFile; fileRef = 834222D61A32FB0500FC2998 /* ViewController.swift */; };
		834222DA1A32FB0500FC2998 /* Main.storyboard in Resources */ = {isa = PBXBuildFile; fileRef = 834222D81A32FB0500FC2998 /* Main.storyboard */; };
		834222DC1A32FB0500FC2998 /* Images.xcassets in Resources */ = {isa = PBXBuildFile; fileRef = 834222DB1A32FB0500FC2998 /* Images.xcassets */; };
		834222DF1A32FB0500FC2998 /* LaunchScreen.xib in Resources */ = {isa = PBXBuildFile; fileRef = 834222DD1A32FB0500FC2998 /* LaunchScreen.xib */; };
		834222EB1A32FB0500FC2998 /* SwiftMapTests.swift in Sources */ = {isa = PBXBuildFile; fileRef = 834222EA1A32FB0500FC2998 /* SwiftMapTests.swift */; };
		83D938331A3302CA0003CD55 /* MapViewController.swift in Sources */ = {isa = PBXBuildFile; fileRef = 83D938321A3302CA0003CD55 /* MapViewController.swift */; };
/* End PBXBuildFile section */

/* Begin PBXContainerItemProxy section */
		834222E51A32FB0500FC2998 /* PBXContainerItemProxy */ = {
			isa = PBXContainerItemProxy;
			containerPortal = 834222C71A32FB0500FC2998 /* Project object */;
			proxyType = 1;
			remoteGlobalIDString = 834222CE1A32FB0500FC2998;
			remoteInfo = SwiftMap;
		};
/* End PBXContainerItemProxy section */

/* Begin PBXFileReference section */
		8317C5981A338DC300257AC8 /* MapKit.framework */ = {isa = PBXFileReference; lastKnownFileType = wrapper.framework; name = MapKit.framework; path = System/Library/Frameworks/MapKit.framework; sourceTree = SDKROOT; };
		8317C59C1A34737D00257AC8 /* CoreData.framework */ = {isa = PBXFileReference; lastKnownFileType = wrapper.framework; name = CoreData.framework; path = System/Library/Frameworks/CoreData.framework; sourceTree = SDKROOT; };
		8317C59E1A348D8D00257AC8 /* MapAnnotation.swift */ = {isa = PBXFileReference; fileEncoding = 4; lastKnownFileType = sourcecode.swift; path = MapAnnotation.swift; sourceTree = "<group>"; };
		833733081A332F0800D0AC72 /* CoreLocation.framework */ = {isa = PBXFileReference; lastKnownFileType = wrapper.framework; name = CoreLocation.framework; path = System/Library/Frameworks/CoreLocation.framework; sourceTree = SDKROOT; };
		8337330A1A332F1400D0AC72 /* CoreImage.framework */ = {isa = PBXFileReference; lastKnownFileType = wrapper.framework; name = CoreImage.framework; path = System/Library/Frameworks/CoreImage.framework; sourceTree = SDKROOT; };
		8337330C1A333BD400D0AC72 /* CoreGraphics.framework */ = {isa = PBXFileReference; lastKnownFileType = wrapper.framework; name = CoreGraphics.framework; path = System/Library/Frameworks/CoreGraphics.framework; sourceTree = SDKROOT; };
		834222CF1A32FB0500FC2998 /* SwiftMap.app */ = {isa = PBXFileReference; explicitFileType = wrapper.application; includeInIndex = 0; path = SwiftMap.app; sourceTree = BUILT_PRODUCTS_DIR; };
		834222D31A32FB0500FC2998 /* Info.plist */ = {isa = PBXFileReference; lastKnownFileType = text.plist.xml; path = Info.plist; sourceTree = "<group>"; };
		834222D41A32FB0500FC2998 /* AppDelegate.swift */ = {isa = PBXFileReference; lastKnownFileType = sourcecode.swift; path = AppDelegate.swift; sourceTree = "<group>"; };
		834222D61A32FB0500FC2998 /* ViewController.swift */ = {isa = PBXFileReference; lastKnownFileType = sourcecode.swift; path = ViewController.swift; sourceTree = "<group>"; };
		834222D91A32FB0500FC2998 /* Base */ = {isa = PBXFileReference; lastKnownFileType = file.storyboard; name = Base; path = Base.lproj/Main.storyboard; sourceTree = "<group>"; };
		834222DB1A32FB0500FC2998 /* Images.xcassets */ = {isa = PBXFileReference; lastKnownFileType = folder.assetcatalog; path = Images.xcassets; sourceTree = "<group>"; };
		834222DE1A32FB0500FC2998 /* Base */ = {isa = PBXFileReference; lastKnownFileType = file.xib; name = Base; path = Base.lproj/LaunchScreen.xib; sourceTree = "<group>"; };
		834222E41A32FB0500FC2998 /* SwiftMapTests.xctest */ = {isa = PBXFileReference; explicitFileType = wrapper.cfbundle; includeInIndex = 0; path = SwiftMapTests.xctest; sourceTree = BUILT_PRODUCTS_DIR; };
		834222E91A32FB0500FC2998 /* Info.plist */ = {isa = PBXFileReference; lastKnownFileType = text.plist.xml; path = Info.plist; sourceTree = "<group>"; };
		834222EA1A32FB0500FC2998 /* SwiftMapTests.swift */ = {isa = PBXFileReference; lastKnownFileType = sourcecode.swift; path = SwiftMapTests.swift; sourceTree = "<group>"; };
		83D938321A3302CA0003CD55 /* MapViewController.swift */ = {isa = PBXFileReference; fileEncoding = 4; lastKnownFileType = sourcecode.swift; path = MapViewController.swift; sourceTree = "<group>"; };
/* End PBXFileReference section */

/* Begin PBXFrameworksBuildPhase section */
		834222CC1A32FB0500FC2998 /* Frameworks */ = {
			isa = PBXFrameworksBuildPhase;
			buildActionMask = 2147483647;
			files = (
				8317C59D1A34737D00257AC8 /* CoreData.framework in Frameworks */,
				8337330D1A333BD400D0AC72 /* CoreGraphics.framework in Frameworks */,
				8337330B1A332F1400D0AC72 /* CoreImage.framework in Frameworks */,
				8317C5991A338DC300257AC8 /* MapKit.framework in Frameworks */,
				833733091A332F0800D0AC72 /* CoreLocation.framework in Frameworks */,
			);
			runOnlyForDeploymentPostprocessing = 0;
		};
		834222E11A32FB0500FC2998 /* Frameworks */ = {
			isa = PBXFrameworksBuildPhase;
			buildActionMask = 2147483647;
			files = (
			);
			runOnlyForDeploymentPostprocessing = 0;
		};
/* End PBXFrameworksBuildPhase section */

/* Begin PBXGroup section */
		834222C61A32FB0500FC2998 = {
			isa = PBXGroup;
			children = (
				8317C59C1A34737D00257AC8 /* CoreData.framework */,
				8317C5981A338DC300257AC8 /* MapKit.framework */,
				8337330C1A333BD400D0AC72 /* CoreGraphics.framework */,
				8337330A1A332F1400D0AC72 /* CoreImage.framework */,
				833733081A332F0800D0AC72 /* CoreLocation.framework */,
				834222D11A32FB0500FC2998 /* SwiftMap */,
				834222E71A32FB0500FC2998 /* SwiftMapTests */,
				834222D01A32FB0500FC2998 /* Products */,
			);
			sourceTree = "<group>";
		};
		834222D01A32FB0500FC2998 /* Products */ = {
			isa = PBXGroup;
			children = (
				834222CF1A32FB0500FC2998 /* SwiftMap.app */,
				834222E41A32FB0500FC2998 /* SwiftMapTests.xctest */,
			);
			name = Products;
			sourceTree = "<group>";
		};
		834222D11A32FB0500FC2998 /* SwiftMap */ = {
			isa = PBXGroup;
			children = (
				834222D41A32FB0500FC2998 /* AppDelegate.swift */,
				834222D61A32FB0500FC2998 /* ViewController.swift */,
				83D938321A3302CA0003CD55 /* MapViewController.swift */,
				8317C59E1A348D8D00257AC8 /* MapAnnotation.swift */,
				834222D81A32FB0500FC2998 /* Main.storyboard */,
				834222DB1A32FB0500FC2998 /* Images.xcassets */,
				834222DD1A32FB0500FC2998 /* LaunchScreen.xib */,
				834222D21A32FB0500FC2998 /* Supporting Files */,
			);
			path = SwiftMap;
			sourceTree = "<group>";
		};
		834222D21A32FB0500FC2998 /* Supporting Files */ = {
			isa = PBXGroup;
			children = (
				834222D31A32FB0500FC2998 /* Info.plist */,
			);
			name = "Supporting Files";
			sourceTree = "<group>";
		};
		834222E71A32FB0500FC2998 /* SwiftMapTests */ = {
			isa = PBXGroup;
			children = (
				834222EA1A32FB0500FC2998 /* SwiftMapTests.swift */,
				834222E81A32FB0500FC2998 /* Supporting Files */,
			);
			path = SwiftMapTests;
			sourceTree = "<group>";
		};
		834222E81A32FB0500FC2998 /* Supporting Files */ = {
			isa = PBXGroup;
			children = (
				834222E91A32FB0500FC2998 /* Info.plist */,
			);
			name = "Supporting Files";
			sourceTree = "<group>";
		};
/* End PBXGroup section */

/* Begin PBXNativeTarget section */
		834222CE1A32FB0500FC2998 /* SwiftMap */ = {
			isa = PBXNativeTarget;
			buildConfigurationList = 834222EE1A32FB0500FC2998 /* Build configuration list for PBXNativeTarget "SwiftMap" */;
			buildPhases = (
				834222CB1A32FB0500FC2998 /* Sources */,
				834222CC1A32FB0500FC2998 /* Frameworks */,
				834222CD1A32FB0500FC2998 /* Resources */,
			);
			buildRules = (
			);
			dependencies = (
			);
			name = SwiftMap;
			productName = SwiftMap;
			productReference = 834222CF1A32FB0500FC2998 /* SwiftMap.app */;
			productType = "com.apple.product-type.application";
		};
		834222E31A32FB0500FC2998 /* SwiftMapTests */ = {
			isa = PBXNativeTarget;
			buildConfigurationList = 834222F11A32FB0500FC2998 /* Build configuration list for PBXNativeTarget "SwiftMapTests" */;
			buildPhases = (
				834222E01A32FB0500FC2998 /* Sources */,
				834222E11A32FB0500FC2998 /* Frameworks */,
				834222E21A32FB0500FC2998 /* Resources */,
			);
			buildRules = (
			);
			dependencies = (
				834222E61A32FB0500FC2998 /* PBXTargetDependency */,
			);
			name = SwiftMapTests;
			productName = SwiftMapTests;
			productReference = 834222E41A32FB0500FC2998 /* SwiftMapTests.xctest */;
			productType = "com.apple.product-type.bundle.unit-test";
		};
/* End PBXNativeTarget section */

/* Begin PBXProject section */
		834222C71A32FB0500FC2998 /* Project object */ = {
			isa = PBXProject;
			attributes = {
				LastUpgradeCheck = 0610;
				ORGANIZATIONNAME = winklerstudio;
				TargetAttributes = {
					834222CE1A32FB0500FC2998 = {
						CreatedOnToolsVersion = 6.1.1;
						DevelopmentTeam = GU7YPDP8RM;
						SystemCapabilities = {
							com.apple.BackgroundModes = {
								enabled = 1;
							};
							com.apple.Maps.iOS = {
								enabled = 1;
							};
						};
					};
					834222E31A32FB0500FC2998 = {
						CreatedOnToolsVersion = 6.1.1;
						TestTargetID = 834222CE1A32FB0500FC2998;
					};
				};
			};
			buildConfigurationList = 834222CA1A32FB0500FC2998 /* Build configuration list for PBXProject "SwiftMap" */;
			compatibilityVersion = "Xcode 3.2";
			developmentRegion = English;
			hasScannedForEncodings = 0;
			knownRegions = (
				en,
				Base,
			);
			mainGroup = 834222C61A32FB0500FC2998;
			productRefGroup = 834222D01A32FB0500FC2998 /* Products */;
			projectDirPath = "";
			projectRoot = "";
			targets = (
				834222CE1A32FB0500FC2998 /* SwiftMap */,
				834222E31A32FB0500FC2998 /* SwiftMapTests */,
			);
		};
/* End PBXProject section */

/* Begin PBXResourcesBuildPhase section */
		834222CD1A32FB0500FC2998 /* Resources */ = {
			isa = PBXResourcesBuildPhase;
			buildActionMask = 2147483647;
			files = (
				834222DA1A32FB0500FC2998 /* Main.storyboard in Resources */,
				834222DF1A32FB0500FC2998 /* LaunchScreen.xib in Resources */,
				834222DC1A32FB0500FC2998 /* Images.xcassets in Resources */,
			);
			runOnlyForDeploymentPostprocessing = 0;
		};
		834222E21A32FB0500FC2998 /* Resources */ = {
			isa = PBXResourcesBuildPhase;
			buildActionMask = 2147483647;
			files = (
			);
			runOnlyForDeploymentPostprocessing = 0;
		};
/* End PBXResourcesBuildPhase section */

/* Begin PBXSourcesBuildPhase section */
		834222CB1A32FB0500FC2998 /* Sources */ = {
			isa = PBXSourcesBuildPhase;
			buildActionMask = 2147483647;
			files = (
				8317C59F1A348D8D00257AC8 /* MapAnnotation.swift in Sources */,
				834222D71A32FB0500FC2998 /* ViewController.swift in Sources */,
				83D938331A3302CA0003CD55 /* MapViewController.swift in Sources */,
				834222D51A32FB0500FC2998 /* AppDelegate.swift in Sources */,
			);
			runOnlyForDeploymentPostprocessing = 0;
		};
		834222E01A32FB0500FC2998 /* Sources */ = {
			isa = PBXSourcesBuildPhase;
			buildActionMask = 2147483647;
			files = (
				834222EB1A32FB0500FC2998 /* SwiftMapTests.swift in Sources */,
			);
			runOnlyForDeploymentPostprocessing = 0;
		};
/* End PBXSourcesBuildPhase section */

/* Begin PBXTargetDependency section */
		834222E61A32FB0500FC2998 /* PBXTargetDependency */ = {
			isa = PBXTargetDependency;
			target = 834222CE1A32FB0500FC2998 /* SwiftMap */;
			targetProxy = 834222E51A32FB0500FC2998 /* PBXContainerItemProxy */;
		};
/* End PBXTargetDependency section */

/* Begin PBXVariantGroup section */
		834222D81A32FB0500FC2998 /* Main.storyboard */ = {
			isa = PBXVariantGroup;
			children = (
				834222D91A32FB0500FC2998 /* Base */,
			);
			name = Main.storyboard;
			sourceTree = "<group>";
		};
		834222DD1A32FB0500FC2998 /* LaunchScreen.xib */ = {
			isa = PBXVariantGroup;
			children = (
				834222DE1A32FB0500FC2998 /* Base */,
			);
			name = LaunchScreen.xib;
			sourceTree = "<group>";
		};
/* End PBXVariantGroup section */

/* Begin XCBuildConfiguration section */
		834222EC1A32FB0500FC2998 /* Debug */ = {
			isa = XCBuildConfiguration;
			buildSettings = {
				ALWAYS_SEARCH_USER_PATHS = NO;
				CLANG_CXX_LANGUAGE_STANDARD = "gnu++0x";
				CLANG_CXX_LIBRARY = "libc++";
				CLANG_ENABLE_MODULES = YES;
				CLANG_ENABLE_OBJC_ARC = YES;
				CLANG_WARN_BOOL_CONVERSION = YES;
				CLANG_WARN_CONSTANT_CONVERSION = YES;
				CLANG_WARN_DIRECT_OBJC_ISA_USAGE = YES_ERROR;
				CLANG_WARN_EMPTY_BODY = YES;
				CLANG_WARN_ENUM_CONVERSION = YES;
				CLANG_WARN_INT_CONVERSION = YES;
				CLANG_WARN_OBJC_ROOT_CLASS = YES_ERROR;
				CLANG_WARN_UNREACHABLE_CODE = YES;
				CLANG_WARN__DUPLICATE_METHOD_MATCH = YES;
				"CODE_SIGN_IDENTITY[sdk=iphoneos*]" = "iPhone Developer";
				COPY_PHASE_STRIP = NO;
				ENABLE_STRICT_OBJC_MSGSEND = YES;
				GCC_C_LANGUAGE_STANDARD = gnu99;
				GCC_DYNAMIC_NO_PIC = NO;
				GCC_OPTIMIZATION_LEVEL = 0;
				GCC_PREPROCESSOR_DEFINITIONS = (
					"DEBUG=1",
					"$(inherited)",
				);
				GCC_SYMBOLS_PRIVATE_EXTERN = NO;
				GCC_WARN_64_TO_32_BIT_CONVERSION = YES;
				GCC_WARN_ABOUT_RETURN_TYPE = YES_ERROR;
				GCC_WARN_UNDECLARED_SELECTOR = YES;
				GCC_WARN_UNINITIALIZED_AUTOS = YES_AGGRESSIVE;
				GCC_WARN_UNUSED_FUNCTION = YES;
				GCC_WARN_UNUSED_VARIABLE = YES;
				IPHONEOS_DEPLOYMENT_TARGET = 8.1;
				MTL_ENABLE_DEBUG_INFO = YES;
				ONLY_ACTIVE_ARCH = YES;
				SDKROOT = iphoneos;
				SWIFT_OPTIMIZATION_LEVEL = "-Onone";
				TARGETED_DEVICE_FAMILY = "1,2";
			};
			name = Debug;
		};
		834222ED1A32FB0500FC2998 /* Release */ = {
			isa = XCBuildConfiguration;
			buildSettings = {
				ALWAYS_SEARCH_USER_PATHS = NO;
				CLANG_CXX_LANGUAGE_STANDARD = "gnu++0x";
				CLANG_CXX_LIBRARY = "libc++";
				CLANG_ENABLE_MODULES = YES;
				CLANG_ENABLE_OBJC_ARC = YES;
				CLANG_WARN_BOOL_CONVERSION = YES;
				CLANG_WARN_CONSTANT_CONVERSION = YES;
				CLANG_WARN_DIRECT_OBJC_ISA_USAGE = YES_ERROR;
				CLANG_WARN_EMPTY_BODY = YES;
				CLANG_WARN_ENUM_CONVERSION = YES;
				CLANG_WARN_INT_CONVERSION = YES;
				CLANG_WARN_OBJC_ROOT_CLASS = YES_ERROR;
				CLANG_WARN_UNREACHABLE_CODE = YES;
				CLANG_WARN__DUPLICATE_METHOD_MATCH = YES;
				"CODE_SIGN_IDENTITY[sdk=iphoneos*]" = "iPhone Developer";
				COPY_PHASE_STRIP = YES;
				ENABLE_NS_ASSERTIONS = NO;
				ENABLE_STRICT_OBJC_MSGSEND = YES;
				GCC_C_LANGUAGE_STANDARD = gnu99;
				GCC_WARN_64_TO_32_BIT_CONVERSION = YES;
				GCC_WARN_ABOUT_RETURN_TYPE = YES_ERROR;
				GCC_WARN_UNDECLARED_SELECTOR = YES;
				GCC_WARN_UNINITIALIZED_AUTOS = YES_AGGRESSIVE;
				GCC_WARN_UNUSED_FUNCTION = YES;
				GCC_WARN_UNUSED_VARIABLE = YES;
				IPHONEOS_DEPLOYMENT_TARGET = 8.1;
				MTL_ENABLE_DEBUG_INFO = NO;
				SDKROOT = iphoneos;
				TARGETED_DEVICE_FAMILY = "1,2";
				VALIDATE_PRODUCT = YES;
			};
			name = Release;
		};
		834222EF1A32FB0500FC2998 /* Debug */ = {
			isa = XCBuildConfiguration;
			buildSettings = {
				ASSETCATALOG_COMPILER_APPICON_NAME = AppIcon;
				CODE_SIGN_IDENTITY = "iPhone Developer";
				EMBEDDED_CONTENT_CONTAINS_SWIFT = YES;
				INFOPLIST_FILE = SwiftMap/Info.plist;
				IPHONEOS_DEPLOYMENT_TARGET = 8.0;
				LD_RUNPATH_SEARCH_PATHS = "$(inherited) @executable_path/Frameworks";
				LIBRARY_SEARCH_PATHS = (
					"$(inherited)",
					"$(SDKROOT)/usr/lib/system",
				);
				PRODUCT_NAME = "$(TARGET_NAME)";
			};
			name = Debug;
		};
		834222F01A32FB0500FC2998 /* Release */ = {
			isa = XCBuildConfiguration;
			buildSettings = {
				ASSETCATALOG_COMPILER_APPICON_NAME = AppIcon;
				CODE_SIGN_IDENTITY = "iPhone Developer";
				EMBEDDED_CONTENT_CONTAINS_SWIFT = YES;
				INFOPLIST_FILE = SwiftMap/Info.plist;
				IPHONEOS_DEPLOYMENT_TARGET = 8.0;
				LD_RUNPATH_SEARCH_PATHS = "$(inherited) @executable_path/Frameworks";
				LIBRARY_SEARCH_PATHS = (
					"$(inherited)",
					"$(SDKROOT)/usr/lib/system",
				);
				PRODUCT_NAME = "$(TARGET_NAME)";
			};
			name = Release;
		};
		834222F21A32FB0500FC2998 /* Debug */ = {
			isa = XCBuildConfiguration;
			buildSettings = {
				BUNDLE_LOADER = "$(TEST_HOST)";
				FRAMEWORK_SEARCH_PATHS = (
					"$(SDKROOT)/Developer/Library/Frameworks",
					"$(inherited)",
				);
				GCC_PREPROCESSOR_DEFINITIONS = (
					"DEBUG=1",
					"$(inherited)",
				);
				INFOPLIST_FILE = SwiftMapTests/Info.plist;
				LD_RUNPATH_SEARCH_PATHS = "$(inherited) @executable_path/Frameworks @loader_path/Frameworks";
				PRODUCT_NAME = "$(TARGET_NAME)";
				TEST_HOST = "$(BUILT_PRODUCTS_DIR)/SwiftMap.app/SwiftMap";
			};
			name = Debug;
		};
		834222F31A32FB0500FC2998 /* Release */ = {
			isa = XCBuildConfiguration;
			buildSettings = {
				BUNDLE_LOADER = "$(TEST_HOST)";
				FRAMEWORK_SEARCH_PATHS = (
					"$(SDKROOT)/Developer/Library/Frameworks",
					"$(inherited)",
				);
				INFOPLIST_FILE = SwiftMapTests/Info.plist;
				LD_RUNPATH_SEARCH_PATHS = "$(inherited) @executable_path/Frameworks @loader_path/Frameworks";
				PRODUCT_NAME = "$(TARGET_NAME)";
				TEST_HOST = "$(BUILT_PRODUCTS_DIR)/SwiftMap.app/SwiftMap";
			};
			name = Release;
		};
/* End XCBuildConfiguration section */

/* Begin XCConfigurationList section */
		834222CA1A32FB0500FC2998 /* Build configuration list for PBXProject "SwiftMap" */ = {
			isa = XCConfigurationList;
			buildConfigurations = (
				834222EC1A32FB0500FC2998 /* Debug */,
				834222ED1A32FB0500FC2998 /* Release */,
			);
			defaultConfigurationIsVisible = 0;
			defaultConfigurationName = Release;
		};
		834222EE1A32FB0500FC2998 /* Build configuration list for PBXNativeTarget "SwiftMap" */ = {
			isa = XCConfigurationList;
			buildConfigurations = (
				834222EF1A32FB0500FC2998 /* Debug */,
				834222F01A32FB0500FC2998 /* Release */,
			);
			defaultConfigurationIsVisible = 0;
			defaultConfigurationName = Release;
		};
		834222F11A32FB0500FC2998 /* Build configuration list for PBXNativeTarget "SwiftMapTests" */ = {
			isa = XCConfigurationList;
			buildConfigurations = (
				834222F21A32FB0500FC2998 /* Debug */,
				834222F31A32FB0500FC2998 /* Release */,
			);
			defaultConfigurationIsVisible = 0;
			defaultConfigurationName = Release;
		};
/* End XCConfigurationList section */
	};
	rootObject = 834222C71A32FB0500FC2998 /* Project object */;
}
